{
  "name": "importance",
  "version": "0.0.1",
  "lockfileVersion": 1,
  "requires": true,
  "dependencies": {
    "ansi-regex": {
      "version": "3.0.0",
      "resolved": "https://registry.npmjs.org/ansi-regex/-/ansi-regex-3.0.0.tgz",
      "integrity": "sha1-7QMXwyIGT3lGbAKWa922Bas32Zg=",
      "dev": true
    },
    "ansi-styles": {
      "version": "3.2.1",
      "resolved": "https://registry.npmjs.org/ansi-styles/-/ansi-styles-3.2.1.tgz",
      "integrity": "sha512-VT0ZI6kZRdTh8YyJw3SMbYm/u+NqfsAxEpWO0Pf9sq8/e94WxxOpPKx9FR1FlyCtOVDNOQ+8ntlqFxiRc+r5qA==",
      "dev": true,
      "requires": {
        "color-convert": "^1.9.0"
      }
    },
    "astral-regex": {
      "version": "1.0.0",
      "resolved": "https://registry.npmjs.org/astral-regex/-/astral-regex-1.0.0.tgz",
      "integrity": "sha512-+Ryf6g3BKoRc7jfp7ad8tM4TtMiaWvbF/1/sQcZPkkS7ag3D5nMBCe2UfOTONtAkaG0tO0ij3C5Lwmf1EiyjHg==",
      "dev": true
    },
    "bar-charts": {
      "version": "1.0.2",
      "resolved": "https://registry.npmjs.org/bar-charts/-/bar-charts-1.0.2.tgz",
      "integrity": "sha512-OaJenW7oIJ3b8qr9fUAJcPIYT4Kb/jXlvyiCXaubKYT0jLl4yS/OaG1tBoIM7czNoRAcYxhRUhMQEj/FPEupLw==",
      "dev": true
    },
    "bardot": {
      "version": "0.2.2",
      "resolved": "https://registry.npmjs.org/bardot/-/bardot-0.2.2.tgz",
      "integrity": "sha512-gmCX5q2rtdEIuGgG/57k2tjhi4iYQNaOVTy35BtPoG8o2Hih/qe6gjQKUcDMfywD8dtMKuaqqYbv8mlSM0v8lg==",
      "dev": true,
      "requires": {
        "chalk": "^2.1.0",
        "string-length": "^2.0.0"
      }
    },
    "chalk": {
      "version": "2.4.2",
      "resolved": "https://registry.npmjs.org/chalk/-/chalk-2.4.2.tgz",
      "integrity": "sha512-Mti+f9lpJNcwF4tWV8/OrTTtF1gZi+f8FqlyAdouralcFWFQWF2+NgCHShjkCb+IFBLq9buZwE1xckQU4peSuQ==",
      "dev": true,
      "requires": {
        "ansi-styles": "^3.2.1",
        "escape-string-regexp": "^1.0.5",
        "supports-color": "^5.3.0"
      }
    },
    "color-convert": {
      "version": "1.9.3",
      "resolved": "https://registry.npmjs.org/color-convert/-/color-convert-1.9.3.tgz",
      "integrity": "sha512-QfAUtd+vFdAtFQcC8CCyYt1fYWxSqAiK2cSD6zDB8N3cpsEBAvRxp9zOGg6G/SHHJYAT88/az/IuDGALsNVbGg==",
      "dev": true,
      "requires": {
        "color-name": "1.1.3"
      }
    },
    "color-name": {
      "version": "1.1.3",
      "resolved": "https://registry.npmjs.org/color-name/-/color-name-1.1.3.tgz",
      "integrity": "sha1-p9BVi9icQveV3UIyj3QIMcpTvCU=",
      "dev": true
    },
    "csv-parse": {
      "version": "4.8.9",
      "resolved": "https://registry.npmjs.org/csv-parse/-/csv-parse-4.8.9.tgz",
      "integrity": "sha512-uDxIDIDLb89gxqixSgGqDj3EA5A8D0pgUeyp9Qut8u+eCIC8IXkTtaxJEnnWDb6N2HqBY64suSlcOGg5ZBtsAQ==",
      "dev": true
    },
    "escape-string-regexp": {
      "version": "1.0.5",
      "resolved": "https://registry.npmjs.org/escape-string-regexp/-/escape-string-regexp-1.0.5.tgz",
      "integrity": "sha1-G2HAViGQqN/2rjuyzwIAyhMLhtQ=",
      "dev": true
    },
    "has-flag": {
      "version": "3.0.0",
      "resolved": "https://registry.npmjs.org/has-flag/-/has-flag-3.0.0.tgz",
      "integrity": "sha1-tdRU3CGZriJWmfNGfloH87lVuv0=",
      "dev": true
    },
    "is-any-array": {
      "version": "0.0.3",
      "resolved": "https://registry.npmjs.org/is-any-array/-/is-any-array-0.0.3.tgz",
      "integrity": "sha512-Lr5SRykZv6uuYMZURz7+YpigT1ziTBHOTgFJ1zK7gL+9Wbet5Ha1ws6S84Jo/lH4zep02b95sk6o4+MTk97mPQ==",
      "dev": true
    },
    "ml-array-max": {
      "version": "1.1.2",
      "resolved": "https://registry.npmjs.org/ml-array-max/-/ml-array-max-1.1.2.tgz",
      "integrity": "sha512-it2hYUSuYEwIRO6hjTWfe6gbGutF4Tuct7jxt3LiLE4wKFs6ku5FLNIRKtOL2jyH+Jdwt1ddbqKMX8inBM8RxA==",
      "dev": true,
      "requires": {
        "is-any-array": "^0.0.3"
      }
    },
    "ml-array-min": {
      "version": "1.1.2",
      "resolved": "https://registry.npmjs.org/ml-array-min/-/ml-array-min-1.1.2.tgz",
      "integrity": "sha512-92QzvsyK7TxGz618pno6bu0LXYcRKssbimP85qRllk2xX5Z4gnVxlOmrMjSerUut9zzbt1eQB4byXNCwT0vgwA==",
      "dev": true,
      "requires": {
        "is-any-array": "^0.0.3"
      }
    },
    "ml-array-rescale": {
      "version": "1.3.1",
      "resolved": "https://registry.npmjs.org/ml-array-rescale/-/ml-array-rescale-1.3.1.tgz",
      "integrity": "sha512-PMj/f3MXBf5j2is8E4ugfNx6txi5y6qO4iVizfGjUVcpBl9RpXhznsoOz5iLtVtW1uDiWl+ToHaW4IGwoG+rmg==",
      "dev": true,
      "requires": {
        "is-any-array": "^0.0.3",
        "ml-array-max": "^1.1.2",
        "ml-array-min": "^1.1.2"
      }
    },
    "ml-matrix": {
      "version": "6.4.1",
      "resolved": "https://registry.npmjs.org/ml-matrix/-/ml-matrix-6.4.1.tgz",
      "integrity": "sha512-YZ6lLRhk80B2zJSC0bKocnHbpxCdXFKWb6A7QTDztf5ob2qL1g/5AYNAuDtCQgbZtW1wwFZbjXbDgk/UdiO3Uw==",
      "dev": true,
      "requires": {
        "ml-array-rescale": "^1.2.2"
      }
    },
    "ml-regression-multivariate-linear": {
      "version": "2.0.3",
      "resolved": "https://registry.npmjs.org/ml-regression-multivariate-linear/-/ml-regression-multivariate-linear-2.0.3.tgz",
      "integrity": "sha512-G8tBqf8bEhowiVP9rUeYjoc6mCSsA7yxo3fCr8hjaVVmLBAZEXoyeHj5zQZJh/eAp6423kSaabP3emWMwRcnbw==",
      "dev": true,
      "requires": {
        "ml-matrix": "^6.4.1"
      }
    },
    "random-forest": {
      "version": "0.0.4",
      "resolved": "https://registry.npmjs.org/random-forest/-/random-forest-0.0.4.tgz",
      "integrity": "sha512-LtkN+KLRYLXAY9TWxqFo9IxKy36RRaa3yiEFwPFHeL0U8UAIg7JD9I1YJpjhtq3lozjGfEQ2LBt7R69+xlvw0A==",
      "dev": true
    },
    "string-length": {
      "version": "2.0.0",
      "resolved": "https://registry.npmjs.org/string-length/-/string-length-2.0.0.tgz",
      "integrity": "sha1-1A27aGo6zpYMHP/KVivyxF+DY+0=",
      "dev": true,
      "requires": {
        "astral-regex": "^1.0.0",
        "strip-ansi": "^4.0.0"
      }
    },
    "strip-ansi": {
      "version": "4.0.0",
      "resolved": "https://registry.npmjs.org/strip-ansi/-/strip-ansi-4.0.0.tgz",
      "integrity": "sha1-qEeQIusaw2iocTibY1JixQXuNo8=",
      "dev": true,
      "requires": {
        "ansi-regex": "^3.0.0"
      }
    },
    "supports-color": {
      "version": "5.5.0",
      "resolved": "https://registry.npmjs.org/supports-color/-/supports-color-5.5.0.tgz",
      "integrity": "sha512-QjVjwdXIt408MIiAqCX4oUKsgU2EqAGzs2Ppkm4aQYbjm+ZEWEcW4SfFNTr4uMNZma0ey4f5lgLrkB0aX0QMow==",
      "dev": true,
      "requires": {
        "has-flag": "^3.0.0"
      }
    }
  }
}
