{
  "name": "importance",
  "version": "0.0.1",
  "lockfileVersion": 1,
  "requires": true,
  "dependencies": {
    "is-any-array": {
      "version": "0.0.3",
      "resolved": "https://registry.npmjs.org/is-any-array/-/is-any-array-0.0.3.tgz",
      "integrity": "sha512-Lr5SRykZv6uuYMZURz7+YpigT1ziTBHOTgFJ1zK7gL+9Wbet5Ha1ws6S84Jo/lH4zep02b95sk6o4+MTk97mPQ=="
    },
    "ml-array-max": {
      "version": "1.1.2",
      "resolved": "https://registry.npmjs.org/ml-array-max/-/ml-array-max-1.1.2.tgz",
      "integrity": "sha512-it2hYUSuYEwIRO6hjTWfe6gbGutF4Tuct7jxt3LiLE4wKFs6ku5FLNIRKtOL2jyH+Jdwt1ddbqKMX8inBM8RxA==",
      "requires": {
        "is-any-array": "^0.0.3"
      }
    },
    "ml-array-min": {
      "version": "1.1.2",
      "resolved": "https://registry.npmjs.org/ml-array-min/-/ml-array-min-1.1.2.tgz",
      "integrity": "sha512-92QzvsyK7TxGz618pno6bu0LXYcRKssbimP85qRllk2xX5Z4gnVxlOmrMjSerUut9zzbt1eQB4byXNCwT0vgwA==",
      "requires": {
        "is-any-array": "^0.0.3"
      }
    },
    "ml-array-rescale": {
      "version": "1.3.1",
      "resolved": "https://registry.npmjs.org/ml-array-rescale/-/ml-array-rescale-1.3.1.tgz",
      "integrity": "sha512-PMj/f3MXBf5j2is8E4ugfNx6txi5y6qO4iVizfGjUVcpBl9RpXhznsoOz5iLtVtW1uDiWl+ToHaW4IGwoG+rmg==",
      "requires": {
        "is-any-array": "^0.0.3",
        "ml-array-max": "^1.1.2",
        "ml-array-min": "^1.1.2"
      }
    },
    "ml-matrix": {
      "version": "6.4.1",
      "resolved": "https://registry.npmjs.org/ml-matrix/-/ml-matrix-6.4.1.tgz",
      "integrity": "sha512-YZ6lLRhk80B2zJSC0bKocnHbpxCdXFKWb6A7QTDztf5ob2qL1g/5AYNAuDtCQgbZtW1wwFZbjXbDgk/UdiO3Uw==",
      "requires": {
        "ml-array-rescale": "^1.2.2"
      }
    },
    "ml-performance": {
      "version": "0.2.0",
      "resolved": "https://registry.npmjs.org/ml-performance/-/ml-performance-0.2.0.tgz",
      "integrity": "sha1-RzZISoY858pTthuA8ZmiZkCxamY="
    }
  }
}
